# This file is automatically @generated by Cargo.
# It is not intended for manual editing.
version = 4

[[package]]
name = "cogolo-cli"
version = "0.1.0"

[[package]]
name = "cogolo-contracts"
version = "0.1.0"

[[package]]
name = "cogolo-mcp"
version = "0.1.0"

[[package]]
name = "cogolo-registry"
version = "0.1.0"

[[package]]
name = "cogolo-runtime"
version = "0.1.0"
